
Microsoft Visual Studio Solution File, Format Version 12.00
# Visual Studio Version 16
VisualStudioVersion = 16.0.29230.47
MinimumVisualStudioVersion = 10.0.40219.1
Project("{9A19103F-16F7-4668-BE54-9A1E7A4F7556}") = "DropoutCoder.Core", "DropoutCoder.Core\DropoutCoder.Core.csproj", "{7E8EE584-E6FD-4C1B-9D10-9916B7F75436}"
EndProject
Project("{2150E333-8FDC-42A3-9474-1A3956D46DE8}") = "nuget", "nuget", "{CBD86EB0-4B05-4172-8FEF-46A32906C1DA}"
EndProject
Project("{2150E333-8FDC-42A3-9474-1A3956D46DE8}") = "src", "src", "{8EC2D6A2-D11B-4287-BA6A-91BC569C3EFA}"
EndProject
Project("{2150E333-8FDC-42A3-9474-1A3956D46DE8}") = "benchmarks", "benchmarks", "{844CDAC2-D4BB-40E2-8AFE-26CEA076210A}"
EndProject
Project("{2150E333-8FDC-42A3-9474-1A3956D46DE8}") = "tests", "tests", "{AB76672B-F685-4208-82DB-DE45E0E6E8A2}"
EndProject
Global
	GlobalSection(SolutionConfigurationPlatforms) = preSolution
		Debug|Any CPU = Debug|Any CPU
		Release|Any CPU = Release|Any CPU
	EndGlobalSection
	GlobalSection(ProjectConfigurationPlatforms) = postSolution
		{7E8EE584-E6FD-4C1B-9D10-9916B7F75436}.Debug|Any CPU.ActiveCfg = Debug|Any CPU
		{7E8EE584-E6FD-4C1B-9D10-9916B7F75436}.Debug|Any CPU.Build.0 = Debug|Any CPU
		{7E8EE584-E6FD-4C1B-9D10-9916B7F75436}.Release|Any CPU.ActiveCfg = Release|Any CPU
		{7E8EE584-E6FD-4C1B-9D10-9916B7F75436}.Release|Any CPU.Build.0 = Release|Any CPU
	EndGlobalSection
	GlobalSection(SolutionProperties) = preSolution
		HideSolutionNode = FALSE
	EndGlobalSection
	GlobalSection(NestedProjects) = preSolution
		{7E8EE584-E6FD-4C1B-9D10-9916B7F75436} = {8EC2D6A2-D11B-4287-BA6A-91BC569C3EFA}
	EndGlobalSection
	GlobalSection(ExtensibilityGlobals) = postSolution
		SolutionGuid = {3832317D-FDEF-49E3-95C5-B577ACE87600}
	EndGlobalSection
EndGlobal
